
Microsoft Visual Studio Solution File, Format Version 12.00
# Visual Studio 15
VisualStudioVersion = 15.0.27703.2035
MinimumVisualStudioVersion = 10.0.40219.1
Project("{FAE04EC0-301F-11D3-BF4B-00C04F79EFBC}") = "EnterLowercaseLetters", "EnterLowercaseLetters\EnterLowercaseLetters.csproj", "{A471A2CB-F75D-4DB3-B2F3-DF0102A3531A}"
EndProject
Global
	GlobalSection(SolutionConfigurationPlatforms) = preSolution
		Debug|Any CPU = Debug|Any CPU
		Release|Any CPU = Release|Any CPU
	EndGlobalSection
	GlobalSection(ProjectConfigurationPlatforms) = postSolution
		{A471A2CB-F75D-4DB3-B2F3-DF0102A3531A}.Debug|Any CPU.ActiveCfg = Debug|Any CPU
		{A471A2CB-F75D-4DB3-B2F3-DF0102A3531A}.Debug|Any CPU.Build.0 = Debug|Any CPU
		{A471A2CB-F75D-4DB3-B2F3-DF0102A3531A}.Release|Any CPU.ActiveCfg = Release|Any CPU
		{A471A2CB-F75D-4DB3-B2F3-DF0102A3531A}.Release|Any CPU.Build.0 = Release|Any CPU
	EndGlobalSection
	GlobalSection(SolutionProperties) = preSolution
		HideSolutionNode = FALSE
	EndGlobalSection
	GlobalSection(ExtensibilityGlobals) = postSolution
		SolutionGuid = {4D536897-87C0-4E28-A67F-FB41E8103004}
	EndGlobalSection
EndGlobal
